
Microsoft Visual Studio Solution File, Format Version 12.00
# Visual Studio Version 17
VisualStudioVersion = 17.5.33516.290
MinimumVisualStudioVersion = 10.0.40219.1
Project("{FAE04EC0-301F-11D3-BF4B-00C04F79EFBC}") = "ThreeD_Store", "ThreeD_Store.csproj", "{EB35DCA9-32A3-46C3-93D4-976E571941A9}"
EndProject
Global
	GlobalSection(SolutionConfigurationPlatforms) = preSolution
		Debug|Any CPU = Debug|Any CPU
		Release|Any CPU = Release|Any CPU
	EndGlobalSection
	GlobalSection(ProjectConfigurationPlatforms) = postSolution
		{EB35DCA9-32A3-46C3-93D4-976E571941A9}.Debug|Any CPU.ActiveCfg = Debug|Any CPU
		{EB35DCA9-32A3-46C3-93D4-976E571941A9}.Debug|Any CPU.Build.0 = Debug|Any CPU
		{EB35DCA9-32A3-46C3-93D4-976E571941A9}.Release|Any CPU.ActiveCfg = Release|Any CPU
		{EB35DCA9-32A3-46C3-93D4-976E571941A9}.Release|Any CPU.Build.0 = Release|Any CPU
	EndGlobalSection
	GlobalSection(SolutionProperties) = preSolution
		HideSolutionNode = FALSE
	EndGlobalSection
	GlobalSection(ExtensibilityGlobals) = postSolution
		SolutionGuid = {F4E96038-60C2-4BB0-8524-2E04C6003514}
	EndGlobalSection
EndGlobal
